
Microsoft Visual Studio Solution File, Format Version 12.00
# Visual Studio Version 16
VisualStudioVersion = 16.0.29326.143
MinimumVisualStudioVersion = 10.0.40219.1
Project("{FAE04EC0-301F-11D3-BF4B-00C04F79EFBC}") = "PasswordGenerator.Exact", "PasswordGenerator.Exact\PasswordGenerator.Exact.csproj", "{ECE57F8D-2B13-4ED7-863C-9F9020550903}"
EndProject
Project("{FAE04EC0-301F-11D3-BF4B-00C04F79EFBC}") = "PasswordGenerator.Exact.Test", "PasswordGenerator.Exact.Test\PasswordGenerator.Exact.Test.csproj", "{BB4DDBAF-3686-4FDF-BBE7-A06CF6758053}"
EndProject
Global
	GlobalSection(SolutionConfigurationPlatforms) = preSolution
		Debug|Any CPU = Debug|Any CPU
		Release|Any CPU = Release|Any CPU
	EndGlobalSection
	GlobalSection(ProjectConfigurationPlatforms) = postSolution
		{ECE57F8D-2B13-4ED7-863C-9F9020550903}.Debug|Any CPU.ActiveCfg = Debug|Any CPU
		{ECE57F8D-2B13-4ED7-863C-9F9020550903}.Debug|Any CPU.Build.0 = Debug|Any CPU
		{ECE57F8D-2B13-4ED7-863C-9F9020550903}.Release|Any CPU.ActiveCfg = Release|Any CPU
		{ECE57F8D-2B13-4ED7-863C-9F9020550903}.Release|Any CPU.Build.0 = Release|Any CPU
		{BB4DDBAF-3686-4FDF-BBE7-A06CF6758053}.Debug|Any CPU.ActiveCfg = Debug|Any CPU
		{BB4DDBAF-3686-4FDF-BBE7-A06CF6758053}.Debug|Any CPU.Build.0 = Debug|Any CPU
		{BB4DDBAF-3686-4FDF-BBE7-A06CF6758053}.Release|Any CPU.ActiveCfg = Release|Any CPU
		{BB4DDBAF-3686-4FDF-BBE7-A06CF6758053}.Release|Any CPU.Build.0 = Release|Any CPU
	EndGlobalSection
	GlobalSection(SolutionProperties) = preSolution
		HideSolutionNode = FALSE
	EndGlobalSection
	GlobalSection(ExtensibilityGlobals) = postSolution
		SolutionGuid = {D5EF1CB2-B10A-4883-861E-AAC8B2C42B82}
	EndGlobalSection
EndGlobal
